{
  "version": 4,
  "terraform_version": "1.14.8",
  "serial": 8,
  "lineage": "20f79dd5-a585-da75-64cb-ddbe0d32f25c",
  "outputs": {},
  "resources": [
    {
      "mode": "managed",
      "type": "azurerm_resource_group",
      "name": "rg_lumina",
      "provider": "provider[\"registry.terraform.io/hashicorp/azurerm\"]",
      "instances": [
        {
          "schema_version": 0,
          "attributes": {
            "id": "/subscriptions/5006c90a-3b67-4d5c-b1d6-123b3e8c8253/resourceGroups/rg-lumina-poc-dev",
            "location": "francecentral",
            "managed_by": "",
            "name": "rg-lumina-poc-dev",
            "tags": {
              "Environnement": "Dev",
              "Projet": "Lumina-Concept",
              "Proprietaire": "Jovann"
            },
            "timeouts": null
          },
          "sensitive_attributes": [],
          "identity_schema_version": 0,
          "private": "eyJlMmJmYjczMC1lY2FhLTExZTYtOGY4OC0zNDM2M2JjN2M0YzAiOnsiY3JlYXRlIjo1NDAwMDAwMDAwMDAwLCJkZWxldGUiOjU0MDAwMDAwMDAwMDAsInJlYWQiOjMwMDAwMDAwMDAwMCwidXBkYXRlIjo1NDAwMDAwMDAwMDAwfX0="
        }
      ]
    },
    {
      "mode": "managed",
      "type": "azurerm_servicebus_namespace",
      "name": "sb_lumina",
      "provider": "provider[\"registry.terraform.io/hashicorp/azurerm\"]",
      "instances": [
        {
          "schema_version": 1,
          "attributes": {
            "capacity": 0,
            "customer_managed_key": [],
            "default_primary_connection_string": "Endpoint=sb://sbluminapocdevjobordeau.servicebus.windows.net/;SharedAccessKeyName=RootManageSharedAccessKey;SharedAccessKey=nGDRO2cYSHlhjpEzlJtE/Bc1jQ9NfuS8u+ASbJcFN6E=",
            "default_primary_key": "nGDRO2cYSHlhjpEzlJtE/Bc1jQ9NfuS8u+ASbJcFN6E=",
            "default_secondary_connection_string": "Endpoint=sb://sbluminapocdevjobordeau.servicebus.windows.net/;SharedAccessKeyName=RootManageSharedAccessKey;SharedAccessKey=rQOHg51S/3tEy/1qKgAw20LrnZCukldGE+ASbDUR9yc=",
            "default_secondary_key": "rQOHg51S/3tEy/1qKgAw20LrnZCukldGE+ASbDUR9yc=",
            "endpoint": "https://sbluminapocdevjobordeau.servicebus.windows.net:443/",
            "id": "/subscriptions/5006c90a-3b67-4d5c-b1d6-123b3e8c8253/resourceGroups/rg-lumina-poc-dev/providers/Microsoft.ServiceBus/namespaces/sbluminapocdevjobordeau",
            "identity": [],
            "local_auth_enabled": true,
            "location": "francecentral",
            "minimum_tls_version": "1.2",
            "name": "sbluminapocdevjobordeau",
            "network_rule_set": [
              {
                "default_action": "Allow",
                "ip_rules": [],
                "network_rules": [],
                "public_network_access_enabled": true,
                "trusted_services_allowed": false
              }
            ],
            "premium_messaging_partitions": 0,
            "public_network_access_enabled": true,
            "resource_group_name": "rg-lumina-poc-dev",
            "sku": "Standard",
            "tags": {
              "Environnement": "Dev",
              "Projet": "Lumina-Concept",
              "Proprietaire": "Jovann"
            },
            "timeouts": null,
            "zone_redundant": false
          },
          "sensitive_attributes": [
            [
              {
                "type": "get_attr",
                "value": "default_primary_connection_string"
              }
            ],
            [
              {
                "type": "get_attr",
                "value": "default_primary_key"
              }
            ],
            [
              {
                "type": "get_attr",
                "value": "default_secondary_connection_string"
              }
            ],
            [
              {
                "type": "get_attr",
                "value": "default_secondary_key"
              }
            ]
          ],
          "identity_schema_version": 0,
          "private": "eyJlMmJmYjczMC1lY2FhLTExZTYtOGY4OC0zNDM2M2JjN2M0YzAiOnsiY3JlYXRlIjoxODAwMDAwMDAwMDAwLCJkZWxldGUiOjE4MDAwMDAwMDAwMDAsInJlYWQiOjMwMDAwMDAwMDAwMCwidXBkYXRlIjoxODAwMDAwMDAwMDAwfSwic2NoZW1hX3ZlcnNpb24iOiIxIn0=",
          "dependencies": [
            "azurerm_resource_group.rg_lumina"
          ]
        }
      ]
    },
    {
      "mode": "managed",
      "type": "azurerm_servicebus_subscription",
      "name": "sbs_process_order",
      "provider": "provider[\"registry.terraform.io/hashicorp/azurerm\"]",
      "instances": [
        {
          "schema_version": 1,
          "attributes": {
            "auto_delete_on_idle": "P10675199DT2H48M5.4775807S",
            "batched_operations_enabled": false,
            "client_scoped_subscription": [],
            "client_scoped_subscription_enabled": false,
            "dead_lettering_on_filter_evaluation_error": true,
            "dead_lettering_on_message_expiration": false,
            "default_message_ttl": "P10675199DT2H48M5.4775807S",
            "enable_batched_operations": false,
            "forward_dead_lettered_messages_to": "",
            "forward_to": "",
            "id": "/subscriptions/5006c90a-3b67-4d5c-b1d6-123b3e8c8253/resourceGroups/rg-lumina-poc-dev/providers/Microsoft.ServiceBus/namespaces/sbluminapocdevjobordeau/topics/sbt-lumina-orders/subscriptions/sbs-process-order",
            "lock_duration": "PT1M",
            "max_delivery_count": 3,
            "name": "sbs-process-order",
            "requires_session": false,
            "status": "Active",
            "timeouts": null,
            "topic_id": "/subscriptions/5006c90a-3b67-4d5c-b1d6-123b3e8c8253/resourceGroups/rg-lumina-poc-dev/providers/Microsoft.ServiceBus/namespaces/sbluminapocdevjobordeau/topics/sbt-lumina-orders"
          },
          "sensitive_attributes": [],
          "identity_schema_version": 0,
          "private": "eyJlMmJmYjczMC1lY2FhLTExZTYtOGY4OC0zNDM2M2JjN2M0YzAiOnsiY3JlYXRlIjoxODAwMDAwMDAwMDAwLCJkZWxldGUiOjE4MDAwMDAwMDAwMDAsInJlYWQiOjMwMDAwMDAwMDAwMCwidXBkYXRlIjoxODAwMDAwMDAwMDAwfSwic2NoZW1hX3ZlcnNpb24iOiIxIn0=",
          "dependencies": [
            "azurerm_resource_group.rg_lumina",
            "azurerm_servicebus_namespace.sb_lumina",
            "azurerm_servicebus_topic.sbt_orders"
          ]
        }
      ]
    },
    {
      "mode": "managed",
      "type": "azurerm_servicebus_topic",
      "name": "sbt_orders",
      "provider": "provider[\"registry.terraform.io/hashicorp/azurerm\"]",
      "instances": [
        {
          "schema_version": 0,
          "attributes": {
            "auto_delete_on_idle": "P10675199DT2H48M5.4775807S",
            "batched_operations_enabled": false,
            "default_message_ttl": "P10675199DT2H48M5.4775807S",
            "duplicate_detection_history_time_window": "PT10M",
            "enable_batched_operations": false,
            "enable_express": false,
            "enable_partitioning": false,
            "express_enabled": false,
            "id": "/subscriptions/5006c90a-3b67-4d5c-b1d6-123b3e8c8253/resourceGroups/rg-lumina-poc-dev/providers/Microsoft.ServiceBus/namespaces/sbluminapocdevjobordeau/topics/sbt-lumina-orders",
            "max_message_size_in_kilobytes": 256,
            "max_size_in_megabytes": 5120,
            "name": "sbt-lumina-orders",
            "namespace_id": "/subscriptions/5006c90a-3b67-4d5c-b1d6-123b3e8c8253/resourceGroups/rg-lumina-poc-dev/providers/Microsoft.ServiceBus/namespaces/sbluminapocdevjobordeau",
            "partitioning_enabled": false,
            "requires_duplicate_detection": false,
            "status": "Active",
            "support_ordering": false,
            "timeouts": null
          },
          "sensitive_attributes": [],
          "identity_schema_version": 0,
          "private": "eyJlMmJmYjczMC1lY2FhLTExZTYtOGY4OC0zNDM2M2JjN2M0YzAiOnsiY3JlYXRlIjoxODAwMDAwMDAwMDAwLCJkZWxldGUiOjE4MDAwMDAwMDAwMDAsInJlYWQiOjMwMDAwMDAwMDAwMCwidXBkYXRlIjoxODAwMDAwMDAwMDAwfX0=",
          "dependencies": [
            "azurerm_resource_group.rg_lumina",
            "azurerm_servicebus_namespace.sb_lumina"
          ]
        }
      ]
    },
    {
      "mode": "managed",
      "type": "azurerm_storage_account",
      "name": "st_lumina",
      "provider": "provider[\"registry.terraform.io/hashicorp/azurerm\"]",
      "instances": [
        {
          "schema_version": 4,
          "attributes": {
            "access_tier": "Hot",
            "account_kind": "StorageV2",
            "account_replication_type": "LRS",
            "account_tier": "Standard",
            "allow_nested_items_to_be_public": true,
            "allowed_copy_scope": "",
            "azure_files_authentication": [],
            "blob_properties": [
              {
                "change_feed_enabled": false,
                "change_feed_retention_in_days": 0,
                "container_delete_retention_policy": [],
                "cors_rule": [],
                "default_service_version": "",
                "delete_retention_policy": [],
                "last_access_time_enabled": false,
                "restore_policy": [],
                "versioning_enabled": false
              }
            ],
            "cross_tenant_replication_enabled": true,
            "custom_domain": [],
            "customer_managed_key": [],
            "default_to_oauth_authentication": false,
            "dns_endpoint_type": "Standard",
            "edge_zone": "",
            "enable_https_traffic_only": true,
            "https_traffic_only_enabled": true,
            "id": "/subscriptions/5006c90a-3b67-4d5c-b1d6-123b3e8c8253/resourceGroups/rg-lumina-poc-dev/providers/Microsoft.Storage/storageAccounts/stluminapocdevjobordeau",
            "identity": [],
            "immutability_policy": [],
            "infrastructure_encryption_enabled": false,
            "is_hns_enabled": false,
            "large_file_share_enabled": false,
            "local_user_enabled": true,
            "location": "francecentral",
            "min_tls_version": "TLS1_2",
            "name": "stluminapocdevjobordeau",
            "network_rules": [],
            "nfsv3_enabled": false,
            "primary_access_key": "B+D9DvhMOUM5K2uld7KiCjxA0kqQH++Xz15N2vmDoV2QxXJrYzDShdBieOu/QIN3uT/tZLidA9Ax+AStqsijLQ==",
            "primary_blob_connection_string": "DefaultEndpointsProtocol=https;BlobEndpoint=https://stluminapocdevjobordeau.blob.core.windows.net/;AccountName=stluminapocdevjobordeau;AccountKey=B+D9DvhMOUM5K2uld7KiCjxA0kqQH++Xz15N2vmDoV2QxXJrYzDShdBieOu/QIN3uT/tZLidA9Ax+AStqsijLQ==",
            "primary_blob_endpoint": "https://stluminapocdevjobordeau.blob.core.windows.net/",
            "primary_blob_host": "stluminapocdevjobordeau.blob.core.windows.net",
            "primary_blob_internet_endpoint": "",
            "primary_blob_internet_host": "",
            "primary_blob_microsoft_endpoint": "",
            "primary_blob_microsoft_host": "",
            "primary_connection_string": "DefaultEndpointsProtocol=https;AccountName=stluminapocdevjobordeau;AccountKey=B+D9DvhMOUM5K2uld7KiCjxA0kqQH++Xz15N2vmDoV2QxXJrYzDShdBieOu/QIN3uT/tZLidA9Ax+AStqsijLQ==;EndpointSuffix=core.windows.net",
            "primary_dfs_endpoint": "https://stluminapocdevjobordeau.dfs.core.windows.net/",
            "primary_dfs_host": "stluminapocdevjobordeau.dfs.core.windows.net",
            "primary_dfs_internet_endpoint": "",
            "primary_dfs_internet_host": "",
            "primary_dfs_microsoft_endpoint": "",
            "primary_dfs_microsoft_host": "",
            "primary_file_endpoint": "https://stluminapocdevjobordeau.file.core.windows.net/",
            "primary_file_host": "stluminapocdevjobordeau.file.core.windows.net",
            "primary_file_internet_endpoint": "",
            "primary_file_internet_host": "",
            "primary_file_microsoft_endpoint": "",
            "primary_file_microsoft_host": "",
            "primary_location": "francecentral",
            "primary_queue_endpoint": "https://stluminapocdevjobordeau.queue.core.windows.net/",
            "primary_queue_host": "stluminapocdevjobordeau.queue.core.windows.net",
            "primary_queue_microsoft_endpoint": "",
            "primary_queue_microsoft_host": "",
            "primary_table_endpoint": "https://stluminapocdevjobordeau.table.core.windows.net/",
            "primary_table_host": "stluminapocdevjobordeau.table.core.windows.net",
            "primary_table_microsoft_endpoint": "",
            "primary_table_microsoft_host": "",
            "primary_web_endpoint": "https://stluminapocdevjobordeau.z28.web.core.windows.net/",
            "primary_web_host": "stluminapocdevjobordeau.z28.web.core.windows.net",
            "primary_web_internet_endpoint": "",
            "primary_web_internet_host": "",
            "primary_web_microsoft_endpoint": "",
            "primary_web_microsoft_host": "",
            "public_network_access_enabled": true,
            "queue_encryption_key_type": "Service",
            "queue_properties": [
              {
                "cors_rule": [],
                "hour_metrics": [
                  {
                    "enabled": false,
                    "include_apis": false,
                    "retention_policy_days": 0,
                    "version": "1.0"
                  }
                ],
                "logging": [
                  {
                    "delete": false,
                    "read": false,
                    "retention_policy_days": 0,
                    "version": "1.0",
                    "write": false
                  }
                ],
                "minute_metrics": [
                  {
                    "enabled": false,
                    "include_apis": false,
                    "retention_policy_days": 0,
                    "version": "1.0"
                  }
                ]
              }
            ],
            "resource_group_name": "rg-lumina-poc-dev",
            "routing": [],
            "sas_policy": [],
            "secondary_access_key": "+j+z/UBruMdbB4dVo302Vofd387UmVxQyde5uDm9Tist9zZuU0wbOJm2SOJoga0t1oABrOtj7zBe+AStnuJf/A==",
            "secondary_blob_connection_string": "",
            "secondary_blob_endpoint": "",
            "secondary_blob_host": "",
            "secondary_blob_internet_endpoint": "",
            "secondary_blob_internet_host": "",
            "secondary_blob_microsoft_endpoint": "",
            "secondary_blob_microsoft_host": "",
            "secondary_connection_string": "DefaultEndpointsProtocol=https;AccountName=stluminapocdevjobordeau;AccountKey=+j+z/UBruMdbB4dVo302Vofd387UmVxQyde5uDm9Tist9zZuU0wbOJm2SOJoga0t1oABrOtj7zBe+AStnuJf/A==;EndpointSuffix=core.windows.net",
            "secondary_dfs_endpoint": "",
            "secondary_dfs_host": "",
            "secondary_dfs_internet_endpoint": "",
            "secondary_dfs_internet_host": "",
            "secondary_dfs_microsoft_endpoint": "",
            "secondary_dfs_microsoft_host": "",
            "secondary_file_endpoint": "",
            "secondary_file_host": "",
            "secondary_file_internet_endpoint": "",
            "secondary_file_internet_host": "",
            "secondary_file_microsoft_endpoint": "",
            "secondary_file_microsoft_host": "",
            "secondary_location": "",
            "secondary_queue_endpoint": "",
            "secondary_queue_host": "",
            "secondary_queue_microsoft_endpoint": "",
            "secondary_queue_microsoft_host": "",
            "secondary_table_endpoint": "",
            "secondary_table_host": "",
            "secondary_table_microsoft_endpoint": "",
            "secondary_table_microsoft_host": "",
            "secondary_web_endpoint": "",
            "secondary_web_host": "",
            "secondary_web_internet_endpoint": "",
            "secondary_web_internet_host": "",
            "secondary_web_microsoft_endpoint": "",
            "secondary_web_microsoft_host": "",
            "sftp_enabled": false,
            "share_properties": [
              {
                "cors_rule": [],
                "retention_policy": [
                  {
                    "days": 7
                  }
                ],
                "smb": []
              }
            ],
            "shared_access_key_enabled": true,
            "static_website": [],
            "table_encryption_key_type": "Service",
            "tags": {
              "Environnement": "Dev",
              "Projet": "Lumina-Concept",
              "Proprietaire": "Jovann"
            },
            "timeouts": null
          },
          "sensitive_attributes": [
            [
              {
                "type": "get_attr",
                "value": "primary_access_key"
              }
            ],
            [
              {
                "type": "get_attr",
                "value": "primary_blob_connection_string"
              }
            ],
            [
              {
                "type": "get_attr",
                "value": "primary_connection_string"
              }
            ],
            [
              {
                "type": "get_attr",
                "value": "secondary_access_key"
              }
            ],
            [
              {
                "type": "get_attr",
                "value": "secondary_blob_connection_string"
              }
            ],
            [
              {
                "type": "get_attr",
                "value": "secondary_connection_string"
              }
            ]
          ],
          "identity_schema_version": 0,
          "private": "eyJlMmJmYjczMC1lY2FhLTExZTYtOGY4OC0zNDM2M2JjN2M0YzAiOnsiY3JlYXRlIjozNjAwMDAwMDAwMDAwLCJkZWxldGUiOjM2MDAwMDAwMDAwMDAsInJlYWQiOjMwMDAwMDAwMDAwMCwidXBkYXRlIjozNjAwMDAwMDAwMDAwfSwic2NoZW1hX3ZlcnNpb24iOiI0In0=",
          "dependencies": [
            "azurerm_resource_group.rg_lumina"
          ]
        }
      ]
    },
    {
      "mode": "managed",
      "type": "azurerm_storage_container",
      "name": "blob_lumina",
      "provider": "provider[\"registry.terraform.io/hashicorp/azurerm\"]",
      "instances": [
        {
          "schema_version": 1,
          "attributes": {
            "container_access_type": "private",
            "default_encryption_scope": "$account-encryption-key",
            "encryption_scope_override_enabled": true,
            "has_immutability_policy": false,
            "has_legal_hold": false,
            "id": "https://stluminapocdevjobordeau.blob.core.windows.net/entrepota102",
            "metadata": {},
            "name": "entrepota102",
            "resource_manager_id": "/subscriptions/5006c90a-3b67-4d5c-b1d6-123b3e8c8253/resourceGroups/rg-lumina-poc-dev/providers/Microsoft.Storage/storageAccounts/stluminapocdevjobordeau/blobServices/default/containers/entrepota102",
            "storage_account_name": "stluminapocdevjobordeau",
            "timeouts": null
          },
          "sensitive_attributes": [],
          "identity_schema_version": 0,
          "private": "eyJlMmJmYjczMC1lY2FhLTExZTYtOGY4OC0zNDM2M2JjN2M0YzAiOnsiY3JlYXRlIjoxODAwMDAwMDAwMDAwLCJkZWxldGUiOjE4MDAwMDAwMDAwMDAsInJlYWQiOjMwMDAwMDAwMDAwMCwidXBkYXRlIjoxODAwMDAwMDAwMDAwfSwic2NoZW1hX3ZlcnNpb24iOiIxIn0=",
          "dependencies": [
            "azurerm_resource_group.rg_lumina",
            "azurerm_storage_account.st_lumina"
          ]
        }
      ]
    }
  ],
  "check_results": null
}
