{
  "version": 4,
  "terraform_version": "1.14.8",
  "serial": 31,
  "lineage": "20f79dd5-a585-da75-64cb-ddbe0d32f25c",
  "outputs": {},
  "resources": [
    {
      "mode": "managed",
      "type": "azurerm_api_management",
      "name": "apim_lumina",
      "provider": "provider[\"registry.terraform.io/hashicorp/azurerm\"]",
      "instances": [
        {
          "schema_version": 0,
          "attributes": {
            "additional_location": [],
            "certificate": [],
            "client_certificate_enabled": false,
            "delegation": [],
            "developer_portal_url": "",
            "gateway_disabled": false,
            "gateway_regional_url": "",
            "gateway_url": "https://apim-lumina-dev-jobordeau.azure-api.net",
            "hostname_configuration": [
              {
                "developer_portal": [],
                "management": [],
                "portal": [],
                "proxy": [
                  {
                    "certificate": "",
                    "certificate_password": "",
                    "certificate_source": "BuiltIn",
                    "certificate_status": "",
                    "default_ssl_binding": true,
                    "expiry": "",
                    "host_name": "apim-lumina-dev-jobordeau.azure-api.net",
                    "key_vault_id": "",
                    "negotiate_client_certificate": false,
                    "ssl_keyvault_identity_client_id": "",
                    "subject": "",
                    "thumbprint": ""
                  }
                ],
                "scm": []
              }
            ],
            "id": "/subscriptions/5006c90a-3b67-4d5c-b1d6-123b3e8c8253/resourceGroups/rg-lumina-poc-dev/providers/Microsoft.ApiManagement/service/apim-lumina-dev-jobordeau",
            "identity": [],
            "location": "francecentral",
            "management_api_url": "",
            "min_api_version": "",
            "name": "apim-lumina-dev-jobordeau",
            "notification_sender_email": "apimgmt-noreply@mail.windowsazure.com",
            "policy": [
              {
                "xml_content": "\u003c!--\r\n    IMPORTANT:\r\n    - Policy elements can appear only within the \u003cinbound\u003e, \u003coutbound\u003e, \u003cbackend\u003e section elements.\r\n    - Only the \u003cforward-request\u003e policy element can appear within the \u003cbackend\u003e section element.\r\n    - To apply a policy to the incoming request (before it is forwarded to the backend service), place a corresponding policy element within the \u003cinbound\u003e section element.\r\n    - To apply a policy to the outgoing response (before it is sent back to the caller), place a corresponding policy element within the \u003coutbound\u003e section element.\r\n    - To add a policy position the cursor at the desired insertion point and click on the round button associated with the policy.\r\n    - To remove a policy, delete the corresponding policy statement from the policy document.\r\n    - Policies are applied in the order of their appearance, from the top down.\r\n--\u003e\r\n\u003cpolicies\u003e\r\n\t\u003cinbound\u003e\u003c/inbound\u003e\r\n\t\u003cbackend\u003e\r\n\t\t\u003cforward-request /\u003e\r\n\t\u003c/backend\u003e\r\n\t\u003coutbound\u003e\u003c/outbound\u003e\r\n\u003c/policies\u003e",
                "xml_link": ""
              }
            ],
            "portal_url": "",
            "private_ip_addresses": [],
            "protocols": [
              {
                "enable_http2": false
              }
            ],
            "public_ip_address_id": "",
            "public_ip_addresses": [],
            "public_network_access_enabled": true,
            "publisher_email": "jbordeau2@myges.fr",
            "publisher_name": "Lumina POC",
            "resource_group_name": "rg-lumina-poc-dev",
            "scm_url": "",
            "security": [
              {
                "enable_backend_ssl30": false,
                "enable_backend_tls10": false,
                "enable_backend_tls11": false,
                "enable_frontend_ssl30": false,
                "enable_frontend_tls10": false,
                "enable_frontend_tls11": false,
                "tls_ecdhe_ecdsa_with_aes128_cbc_sha_ciphers_enabled": false,
                "tls_ecdhe_ecdsa_with_aes256_cbc_sha_ciphers_enabled": false,
                "tls_ecdhe_rsa_with_aes128_cbc_sha_ciphers_enabled": false,
                "tls_ecdhe_rsa_with_aes256_cbc_sha_ciphers_enabled": false,
                "tls_rsa_with_aes128_cbc_sha256_ciphers_enabled": false,
                "tls_rsa_with_aes128_cbc_sha_ciphers_enabled": false,
                "tls_rsa_with_aes128_gcm_sha256_ciphers_enabled": false,
                "tls_rsa_with_aes256_cbc_sha256_ciphers_enabled": false,
                "tls_rsa_with_aes256_cbc_sha_ciphers_enabled": false,
                "tls_rsa_with_aes256_gcm_sha384_ciphers_enabled": false,
                "triple_des_ciphers_enabled": false
              }
            ],
            "sign_in": [],
            "sign_up": [],
            "sku_name": "Consumption_0",
            "tags": {},
            "tenant_access": [],
            "timeouts": null,
            "virtual_network_configuration": [],
            "virtual_network_type": "None",
            "zones": []
          },
          "sensitive_attributes": [
            [
              {
                "type": "get_attr",
                "value": "hostname_configuration"
              },
              {
                "type": "index",
                "value": {
                  "value": 0,
                  "type": "number"
                }
              },
              {
                "type": "get_attr",
                "value": "proxy"
              },
              {
                "type": "index",
                "value": {
                  "value": 0,
                  "type": "number"
                }
              },
              {
                "type": "get_attr",
                "value": "certificate"
              }
            ],
            [
              {
                "type": "get_attr",
                "value": "hostname_configuration"
              },
              {
                "type": "index",
                "value": {
                  "value": 0,
                  "type": "number"
                }
              },
              {
                "type": "get_attr",
                "value": "proxy"
              },
              {
                "type": "index",
                "value": {
                  "value": 0,
                  "type": "number"
                }
              },
              {
                "type": "get_attr",
                "value": "certificate_password"
              }
            ]
          ],
          "identity_schema_version": 0,
          "private": "eyJlMmJmYjczMC1lY2FhLTExZTYtOGY4OC0zNDM2M2JjN2M0YzAiOnsiY3JlYXRlIjoxMDgwMDAwMDAwMDAwMCwiZGVsZXRlIjoxMDgwMDAwMDAwMDAwMCwicmVhZCI6MzAwMDAwMDAwMDAwLCJ1cGRhdGUiOjEwODAwMDAwMDAwMDAwfX0=",
          "dependencies": [
            "azurerm_resource_group.rg_lumina"
          ]
        }
      ]
    },
    {
      "mode": "managed",
      "type": "azurerm_api_management_api",
      "name": "api_orders",
      "provider": "provider[\"registry.terraform.io/hashicorp/azurerm\"]",
      "instances": [
        {
          "schema_version": 1,
          "attributes": {
            "api_management_name": "apim-lumina-dev-jobordeau",
            "api_type": "http",
            "contact": [],
            "description": "",
            "display_name": "Lumina E-Commerce API",
            "id": "/subscriptions/5006c90a-3b67-4d5c-b1d6-123b3e8c8253/resourceGroups/rg-lumina-poc-dev/providers/Microsoft.ApiManagement/service/apim-lumina-dev-jobordeau/apis/lumina-orders-api;rev=1",
            "import": [],
            "is_current": true,
            "is_online": false,
            "license": [],
            "name": "lumina-orders-api",
            "oauth2_authorization": [],
            "openid_authentication": [],
            "path": "ecommerce",
            "protocols": [
              "https"
            ],
            "resource_group_name": "rg-lumina-poc-dev",
            "revision": "1",
            "revision_description": "",
            "service_url": "",
            "soap_pass_through": false,
            "source_api_id": null,
            "subscription_key_parameter_names": [
              {
                "header": "Ocp-Apim-Subscription-Key",
                "query": "subscription-key"
              }
            ],
            "subscription_required": true,
            "terms_of_service_url": "",
            "timeouts": null,
            "version": "",
            "version_description": "",
            "version_set_id": ""
          },
          "sensitive_attributes": [],
          "identity_schema_version": 0,
          "private": "eyJlMmJmYjczMC1lY2FhLTExZTYtOGY4OC0zNDM2M2JjN2M0YzAiOnsiY3JlYXRlIjoxODAwMDAwMDAwMDAwLCJkZWxldGUiOjE4MDAwMDAwMDAwMDAsInJlYWQiOjMwMDAwMDAwMDAwMCwidXBkYXRlIjoxODAwMDAwMDAwMDAwfSwic2NoZW1hX3ZlcnNpb24iOiIxIn0=",
          "dependencies": [
            "azurerm_api_management.apim_lumina",
            "azurerm_resource_group.rg_lumina"
          ]
        }
      ]
    },
    {
      "mode": "managed",
      "type": "azurerm_api_management_api_operation",
      "name": "op_post_order",
      "provider": "provider[\"registry.terraform.io/hashicorp/azurerm\"]",
      "instances": [
        {
          "schema_version": 0,
          "attributes": {
            "api_management_name": "apim-lumina-dev-jobordeau",
            "api_name": "lumina-orders-api",
            "description": "Reçoit un payload JSON e-commerce et le transforme au format canonique",
            "display_name": "Créer une commande",
            "id": "/subscriptions/5006c90a-3b67-4d5c-b1d6-123b3e8c8253/resourceGroups/rg-lumina-poc-dev/providers/Microsoft.ApiManagement/service/apim-lumina-dev-jobordeau/apis/lumina-orders-api/operations/post-ecommerce-order",
            "method": "POST",
            "operation_id": "post-ecommerce-order",
            "request": [
              {
                "description": "",
                "header": [],
                "query_parameter": [],
                "representation": []
              }
            ],
            "resource_group_name": "rg-lumina-poc-dev",
            "response": [],
            "template_parameter": [],
            "timeouts": null,
            "url_template": "/orders"
          },
          "sensitive_attributes": [],
          "identity_schema_version": 0,
          "private": "eyJlMmJmYjczMC1lY2FhLTExZTYtOGY4OC0zNDM2M2JjN2M0YzAiOnsiY3JlYXRlIjoxODAwMDAwMDAwMDAwLCJkZWxldGUiOjE4MDAwMDAwMDAwMDAsInJlYWQiOjMwMDAwMDAwMDAwMCwidXBkYXRlIjoxODAwMDAwMDAwMDAwfX0=",
          "dependencies": [
            "azurerm_api_management.apim_lumina",
            "azurerm_api_management_api.api_orders",
            "azurerm_resource_group.rg_lumina"
          ]
        }
      ]
    },
    {
      "mode": "managed",
      "type": "azurerm_api_management_api_policy",
      "name": "policy_orders",
      "provider": "provider[\"registry.terraform.io/hashicorp/azurerm\"]",
      "instances": [
        {
          "schema_version": 2,
          "attributes": {
            "api_management_name": "apim-lumina-dev-jobordeau",
            "api_name": "lumina-orders-api",
            "id": "/subscriptions/5006c90a-3b67-4d5c-b1d6-123b3e8c8253/resourceGroups/rg-lumina-poc-dev/providers/Microsoft.ApiManagement/service/apim-lumina-dev-jobordeau/apis/lumina-orders-api",
            "resource_group_name": "rg-lumina-poc-dev",
            "timeouts": null,
            "xml_content": "\u003cpolicies\u003e\r\n\t\u003cinbound\u003e\r\n\t\t\u003cbase /\u003e\r\n\t\t\u003crate-limit calls=\"10\" renewal-period=\"60\" /\u003e\r\n\t\t\u003cset-header name=\"X-Source-System\" exists-action=\"override\"\u003e\r\n\t\t\t\u003cvalue\u003eAPIM-LUMINA\u003c/value\u003e\r\n\t\t\u003c/set-header\u003e\r\n\t\t\u003cset-backend-service base-url=\"https://fn-lumina-processor-dev-jobordeau.azurewebsites.net/api\" /\u003e\r\n\t\u003c/inbound\u003e\r\n\t\u003cbackend\u003e\r\n\t\t\u003cforward-request timeout=\"20\" /\u003e\r\n\t\u003c/backend\u003e\r\n\t\u003coutbound\u003e\r\n\t\t\u003cbase /\u003e\r\n\t\u003c/outbound\u003e\r\n\t\u003con-error\u003e\r\n\t\t\u003cbase /\u003e\r\n\t\u003c/on-error\u003e\r\n\u003c/policies\u003e",
            "xml_link": null
          },
          "sensitive_attributes": [],
          "identity_schema_version": 0,
          "private": "eyJlMmJmYjczMC1lY2FhLTExZTYtOGY4OC0zNDM2M2JjN2M0YzAiOnsiY3JlYXRlIjoxODAwMDAwMDAwMDAwLCJkZWxldGUiOjE4MDAwMDAwMDAwMDAsInJlYWQiOjMwMDAwMDAwMDAwMCwidXBkYXRlIjoxODAwMDAwMDAwMDAwfSwic2NoZW1hX3ZlcnNpb24iOiIyIn0=",
          "dependencies": [
            "azurerm_api_management.apim_lumina",
            "azurerm_api_management_api.api_orders",
            "azurerm_linux_function_app.fn_lumina",
            "azurerm_resource_group.rg_lumina",
            "azurerm_service_plan.asp_lumina",
            "azurerm_storage_account.st_fn_lumina"
          ]
        }
      ]
    },
    {
      "mode": "managed",
      "type": "azurerm_linux_function_app",
      "name": "fn_lumina",
      "provider": "provider[\"registry.terraform.io/hashicorp/azurerm\"]",
      "instances": [
        {
          "schema_version": 1,
          "attributes": {
            "app_settings": {
              "DataLakeConnection": "DefaultEndpointsProtocol=https;AccountName=adlsluminadevjobordeau;AccountKey=qy+Mv6RwqZJl+PfPLuQrJ69Di3ujedJvYHBaK30SrORdV002dCmlIFfDl6QIEtUWN+f+HLU4to+/+AStXEwggQ==;EndpointSuffix=core.windows.net",
              "Lumina__DataLakeConnection": "DefaultEndpointsProtocol=https;AccountName=adlsluminadevjobordeau;AccountKey=qy+Mv6RwqZJl+PfPLuQrJ69Di3ujedJvYHBaK30SrORdV002dCmlIFfDl6QIEtUWN+f+HLU4to+/+AStXEwggQ==;EndpointSuffix=core.windows.net",
              "Lumina__ServiceBusConnectionString": "Endpoint=sb://sbluminapocdevjobordeau.servicebus.windows.net/;SharedAccessKeyName=RootManageSharedAccessKey;SharedAccessKey=nGDRO2cYSHlhjpEzlJtE/Bc1jQ9NfuS8u+ASbJcFN6E=",
              "Lumina__TopicName": "sbt-lumina-orders",
              "ServiceBusConnection": "Endpoint=sb://sbluminapocdevjobordeau.servicebus.windows.net/;SharedAccessKeyName=RootManageSharedAccessKey;SharedAccessKey=nGDRO2cYSHlhjpEzlJtE/Bc1jQ9NfuS8u+ASbJcFN6E="
            },
            "auth_settings": [],
            "auth_settings_v2": [],
            "backup": [],
            "builtin_logging_enabled": true,
            "client_certificate_enabled": false,
            "client_certificate_exclusion_paths": "",
            "client_certificate_mode": "Optional",
            "connection_string": [],
            "content_share_force_disabled": false,
            "custom_domain_verification_id": "76C6BBAD8272E659E7CAA11141732E6AC5EE21C6D3D509AEA1895C85A3296624",
            "daily_memory_time_quota": 0,
            "default_hostname": "fn-lumina-processor-dev-jobordeau.azurewebsites.net",
            "enabled": true,
            "ftp_publish_basic_authentication_enabled": true,
            "functions_extension_version": "~4",
            "hosting_environment_id": "",
            "https_only": false,
            "id": "/subscriptions/5006c90a-3b67-4d5c-b1d6-123b3e8c8253/resourceGroups/rg-lumina-poc-dev/providers/Microsoft.Web/sites/fn-lumina-processor-dev-jobordeau",
            "identity": [],
            "key_vault_reference_identity_id": "SystemAssigned",
            "kind": "functionapp,linux",
            "location": "francecentral",
            "name": "fn-lumina-processor-dev-jobordeau",
            "outbound_ip_address_list": [
              "40.89.130.0",
              "40.89.139.181",
              "40.89.166.179",
              "40.89.161.203",
              "40.79.130.129"
            ],
            "outbound_ip_addresses": "40.89.130.0,40.89.139.181,40.89.166.179,40.89.161.203,40.79.130.129",
            "possible_outbound_ip_address_list": [
              "40.89.130.0",
              "40.89.139.181",
              "40.89.166.179",
              "40.89.161.203",
              "40.89.130.122",
              "40.89.164.243",
              "40.89.161.127",
              "40.89.163.147",
              "40.89.134.161",
              "20.74.71.248",
              "20.74.71.250",
              "20.199.0.2",
              "20.199.0.85",
              "20.199.0.141",
              "20.199.1.66",
              "20.199.1.83",
              "20.199.1.153",
              "20.199.1.185",
              "20.199.1.194",
              "20.199.2.15",
              "20.199.2.28",
              "40.79.130.129"
            ],
            "possible_outbound_ip_addresses": "40.89.130.0,40.89.139.181,40.89.166.179,40.89.161.203,40.89.130.122,40.89.164.243,40.89.161.127,40.89.163.147,40.89.134.161,20.74.71.248,20.74.71.250,20.199.0.2,20.199.0.85,20.199.0.141,20.199.1.66,20.199.1.83,20.199.1.153,20.199.1.185,20.199.1.194,20.199.2.15,20.199.2.28,40.79.130.129",
            "public_network_access_enabled": true,
            "resource_group_name": "rg-lumina-poc-dev",
            "service_plan_id": "/subscriptions/5006c90a-3b67-4d5c-b1d6-123b3e8c8253/resourceGroups/rg-lumina-poc-dev/providers/Microsoft.Web/serverFarms/asp-lumina-dev",
            "site_config": [
              {
                "always_on": false,
                "api_definition_url": "",
                "api_management_api_id": "",
                "app_command_line": "",
                "app_scale_limit": 200,
                "app_service_logs": [],
                "application_insights_connection_string": "",
                "application_insights_key": "",
                "application_stack": [
                  {
                    "docker": [],
                    "dotnet_version": "8.0",
                    "java_version": "",
                    "node_version": "",
                    "powershell_core_version": "",
                    "python_version": "",
                    "use_custom_runtime": false,
                    "use_dotnet_isolated_runtime": true
                  }
                ],
                "container_registry_managed_identity_client_id": "",
                "container_registry_use_managed_identity": false,
                "cors": [],
                "default_documents": [
                  "Default.htm",
                  "Default.html",
                  "Default.asp",
                  "index.htm",
                  "index.html",
                  "iisstart.htm",
                  "default.aspx",
                  "index.php"
                ],
                "detailed_error_logging_enabled": false,
                "elastic_instance_minimum": 1,
                "ftps_state": "Disabled",
                "health_check_eviction_time_in_min": 0,
                "health_check_path": "",
                "http2_enabled": false,
                "ip_restriction": [],
                "ip_restriction_default_action": "Allow",
                "linux_fx_version": "DOTNET-ISOLATED|8.0",
                "load_balancing_mode": "LeastRequests",
                "managed_pipeline_mode": "Integrated",
                "minimum_tls_version": "1.2",
                "pre_warmed_instance_count": 0,
                "remote_debugging_enabled": false,
                "remote_debugging_version": "",
                "runtime_scale_monitoring_enabled": false,
                "scm_ip_restriction": [],
                "scm_ip_restriction_default_action": "Allow",
                "scm_minimum_tls_version": "1.2",
                "scm_type": "None",
                "scm_use_main_ip_restriction": false,
                "use_32_bit_worker": false,
                "vnet_route_all_enabled": false,
                "websockets_enabled": false,
                "worker_count": 1
              }
            ],
            "site_credential": [
              {
                "name": "$fn-lumina-processor-dev-jobordeau",
                "password": "oSjKt4Cq69sBj8uqBypp0m8QNq9mYKuKCadmpk1qluCzFGpKWmSRqZJSyhc0"
              }
            ],
            "sticky_settings": [],
            "storage_account": [],
            "storage_account_access_key": "WTWDf8tJva8WGk0cyVIq+wir4gbLE/yfK6+Len4/9xOzDp4VC3TDWev1fP/02jZ10RQ4C6N2XRUu+AStrpgCOg==",
            "storage_account_name": "stfnluminadevjobordeau",
            "storage_key_vault_secret_id": "",
            "storage_uses_managed_identity": false,
            "tags": {},
            "timeouts": null,
            "virtual_network_subnet_id": "",
            "webdeploy_publish_basic_authentication_enabled": true,
            "zip_deploy_file": ""
          },
          "sensitive_attributes": [
            [
              {
                "type": "get_attr",
                "value": "custom_domain_verification_id"
              }
            ],
            [
              {
                "type": "get_attr",
                "value": "site_config"
              },
              {
                "type": "index",
                "value": {
                  "value": 0,
                  "type": "number"
                }
              },
              {
                "type": "get_attr",
                "value": "application_insights_connection_string"
              }
            ],
            [
              {
                "type": "get_attr",
                "value": "site_config"
              },
              {
                "type": "index",
                "value": {
                  "value": 0,
                  "type": "number"
                }
              },
              {
                "type": "get_attr",
                "value": "application_insights_key"
              }
            ],
            [
              {
                "type": "get_attr",
                "value": "site_credential"
              }
            ],
            [
              {
                "type": "get_attr",
                "value": "storage_account_access_key"
              }
            ]
          ],
          "identity_schema_version": 0,
          "private": "eyJlMmJmYjczMC1lY2FhLTExZTYtOGY4OC0zNDM2M2JjN2M0YzAiOnsiY3JlYXRlIjoxODAwMDAwMDAwMDAwLCJkZWxldGUiOjE4MDAwMDAwMDAwMDAsInJlYWQiOjMwMDAwMDAwMDAwMCwidXBkYXRlIjoxODAwMDAwMDAwMDAwfSwic2NoZW1hX3ZlcnNpb24iOiIxIn0=",
          "dependencies": [
            "azurerm_resource_group.rg_lumina",
            "azurerm_service_plan.asp_lumina",
            "azurerm_storage_account.st_fn_lumina"
          ]
        }
      ]
    },
    {
      "mode": "managed",
      "type": "azurerm_logic_app_workflow",
      "name": "logicapp_lumina",
      "provider": "provider[\"registry.terraform.io/hashicorp/azurerm\"]",
      "instances": [
        {
          "schema_version": 0,
          "attributes": {
            "access_control": [],
            "access_endpoint": "https://prod-25.francecentral.logic.azure.com:443/workflows/ffa8b06f86734f7aba3f5cfa06e62316",
            "connector_endpoint_ip_addresses": [],
            "connector_outbound_ip_addresses": [
              "40.89.135.2",
              "40.79.130.208/28",
              "40.79.148.96/27",
              "51.138.215.48/28",
              "51.138.215.64/27",
              "51.11.229.156",
              "51.11.229.148"
            ],
            "enabled": true,
            "id": "/subscriptions/5006c90a-3b67-4d5c-b1d6-123b3e8c8253/resourceGroups/rg-lumina-poc-dev/providers/Microsoft.Logic/workflows/la-lumina-workflow-dev-jobordeau",
            "identity": [],
            "integration_service_environment_id": "",
            "location": "francecentral",
            "logic_app_integration_account_id": "",
            "name": "la-lumina-workflow-dev-jobordeau",
            "parameters": {
              "$connections": "{\"azureblob-1\":{\"connectionId\":\"/subscriptions/5006c90a-3b67-4d5c-b1d6-123b3e8c8253/resourceGroups/rg-lumina-poc-dev/providers/Microsoft.Web/connections/azureblob-1\",\"connectionName\":\"azureblob-1\",\"connectionProperties\":{},\"id\":\"/subscriptions/5006c90a-3b67-4d5c-b1d6-123b3e8c8253/providers/Microsoft.Web/locations/francecentral/managedApis/azureblob\"},\"azureeventgrid-1\":{\"connectionId\":\"/subscriptions/5006c90a-3b67-4d5c-b1d6-123b3e8c8253/resourceGroups/rg-lumina-poc-dev/providers/Microsoft.Web/connections/azureeventgrid-1\",\"connectionName\":\"azureeventgrid-1\",\"connectionProperties\":{},\"id\":\"/subscriptions/5006c90a-3b67-4d5c-b1d6-123b3e8c8253/providers/Microsoft.Web/locations/francecentral/managedApis/azureeventgrid\"},\"office365\":{\"connectionId\":\"/subscriptions/5006c90a-3b67-4d5c-b1d6-123b3e8c8253/resourceGroups/rg-lumina-poc-dev/providers/Microsoft.Web/connections/office365\",\"connectionName\":\"office365\",\"connectionProperties\":{},\"id\":\"/subscriptions/5006c90a-3b67-4d5c-b1d6-123b3e8c8253/providers/Microsoft.Web/locations/francecentral/managedApis/office365\"}}"
            },
            "resource_group_name": "rg-lumina-poc-dev",
            "tags": {},
            "timeouts": null,
            "workflow_endpoint_ip_addresses": [
              "20.74.20.86",
              "20.74.22.248",
              "20.74.94.80",
              "20.74.91.234",
              "20.74.106.82",
              "20.74.35.121",
              "20.19.63.163",
              "20.19.56.186"
            ],
            "workflow_outbound_ip_addresses": [
              "20.40.140.149",
              "51.11.237.216",
              "20.74.18.58",
              "20.74.18.36",
              "20.74.22.121",
              "20.74.20.147",
              "20.74.94.62",
              "20.74.88.179",
              "20.74.23.87",
              "20.74.22.119",
              "20.74.106.61",
              "20.74.105.214",
              "20.74.34.113",
              "20.74.33.177",
              "20.19.61.105",
              "20.74.109.28",
              "20.19.113.120",
              "20.74.106.31"
            ],
            "workflow_parameters": {
              "$connections": "{\"defaultValue\":{},\"type\":\"Object\"}"
            },
            "workflow_schema": "https://schema.management.azure.com/providers/Microsoft.Logic/schemas/2016-06-01/workflowdefinition.json#",
            "workflow_version": "1.0.0.0"
          },
          "sensitive_attributes": [],
          "identity_schema_version": 0,
          "private": "eyJlMmJmYjczMC1lY2FhLTExZTYtOGY4OC0zNDM2M2JjN2M0YzAiOnsiY3JlYXRlIjoxODAwMDAwMDAwMDAwLCJkZWxldGUiOjE4MDAwMDAwMDAwMDAsInJlYWQiOjMwMDAwMDAwMDAwMCwidXBkYXRlIjoxODAwMDAwMDAwMDAwfX0=",
          "dependencies": [
            "azurerm_resource_group.rg_lumina"
          ]
        }
      ]
    },
    {
      "mode": "managed",
      "type": "azurerm_resource_group",
      "name": "rg_lumina",
      "provider": "provider[\"registry.terraform.io/hashicorp/azurerm\"]",
      "instances": [
        {
          "schema_version": 0,
          "attributes": {
            "id": "/subscriptions/5006c90a-3b67-4d5c-b1d6-123b3e8c8253/resourceGroups/rg-lumina-poc-dev",
            "location": "francecentral",
            "managed_by": "",
            "name": "rg-lumina-poc-dev",
            "tags": {
              "Environnement": "Dev",
              "Projet": "Lumina-Concept",
              "Proprietaire": "Jovann"
            },
            "timeouts": null
          },
          "sensitive_attributes": [],
          "identity_schema_version": 0,
          "private": "eyJlMmJmYjczMC1lY2FhLTExZTYtOGY4OC0zNDM2M2JjN2M0YzAiOnsiY3JlYXRlIjo1NDAwMDAwMDAwMDAwLCJkZWxldGUiOjU0MDAwMDAwMDAwMDAsInJlYWQiOjMwMDAwMDAwMDAwMCwidXBkYXRlIjo1NDAwMDAwMDAwMDAwfX0="
        }
      ]
    },
    {
      "mode": "managed",
      "type": "azurerm_service_plan",
      "name": "asp_lumina",
      "provider": "provider[\"registry.terraform.io/hashicorp/azurerm\"]",
      "instances": [
        {
          "schema_version": 1,
          "attributes": {
            "app_service_environment_id": "",
            "id": "/subscriptions/5006c90a-3b67-4d5c-b1d6-123b3e8c8253/resourceGroups/rg-lumina-poc-dev/providers/Microsoft.Web/serverFarms/asp-lumina-dev",
            "kind": "functionapp",
            "location": "francecentral",
            "maximum_elastic_worker_count": 1,
            "name": "asp-lumina-dev",
            "os_type": "Linux",
            "per_site_scaling_enabled": false,
            "reserved": true,
            "resource_group_name": "rg-lumina-poc-dev",
            "sku_name": "Y1",
            "tags": {},
            "timeouts": null,
            "worker_count": 0,
            "zone_balancing_enabled": false
          },
          "sensitive_attributes": [],
          "identity_schema_version": 0,
          "private": "eyJlMmJmYjczMC1lY2FhLTExZTYtOGY4OC0zNDM2M2JjN2M0YzAiOnsiY3JlYXRlIjozNjAwMDAwMDAwMDAwLCJkZWxldGUiOjM2MDAwMDAwMDAwMDAsInJlYWQiOjMwMDAwMDAwMDAwMCwidXBkYXRlIjozNjAwMDAwMDAwMDAwfSwic2NoZW1hX3ZlcnNpb24iOiIxIn0=",
          "dependencies": [
            "azurerm_resource_group.rg_lumina"
          ]
        }
      ]
    },
    {
      "mode": "managed",
      "type": "azurerm_servicebus_namespace",
      "name": "sb_lumina",
      "provider": "provider[\"registry.terraform.io/hashicorp/azurerm\"]",
      "instances": [
        {
          "schema_version": 1,
          "attributes": {
            "capacity": 0,
            "customer_managed_key": [],
            "default_primary_connection_string": "Endpoint=sb://sbluminapocdevjobordeau.servicebus.windows.net/;SharedAccessKeyName=RootManageSharedAccessKey;SharedAccessKey=nGDRO2cYSHlhjpEzlJtE/Bc1jQ9NfuS8u+ASbJcFN6E=",
            "default_primary_key": "nGDRO2cYSHlhjpEzlJtE/Bc1jQ9NfuS8u+ASbJcFN6E=",
            "default_secondary_connection_string": "Endpoint=sb://sbluminapocdevjobordeau.servicebus.windows.net/;SharedAccessKeyName=RootManageSharedAccessKey;SharedAccessKey=rQOHg51S/3tEy/1qKgAw20LrnZCukldGE+ASbDUR9yc=",
            "default_secondary_key": "rQOHg51S/3tEy/1qKgAw20LrnZCukldGE+ASbDUR9yc=",
            "endpoint": "https://sbluminapocdevjobordeau.servicebus.windows.net:443/",
            "id": "/subscriptions/5006c90a-3b67-4d5c-b1d6-123b3e8c8253/resourceGroups/rg-lumina-poc-dev/providers/Microsoft.ServiceBus/namespaces/sbluminapocdevjobordeau",
            "identity": [],
            "local_auth_enabled": true,
            "location": "francecentral",
            "minimum_tls_version": "1.2",
            "name": "sbluminapocdevjobordeau",
            "network_rule_set": [
              {
                "default_action": "Allow",
                "ip_rules": [],
                "network_rules": [],
                "public_network_access_enabled": true,
                "trusted_services_allowed": false
              }
            ],
            "premium_messaging_partitions": 0,
            "public_network_access_enabled": true,
            "resource_group_name": "rg-lumina-poc-dev",
            "sku": "Standard",
            "tags": {
              "Environnement": "Dev",
              "Projet": "Lumina-Concept",
              "Proprietaire": "Jovann"
            },
            "timeouts": null,
            "zone_redundant": false
          },
          "sensitive_attributes": [
            [
              {
                "type": "get_attr",
                "value": "default_primary_connection_string"
              }
            ],
            [
              {
                "type": "get_attr",
                "value": "default_primary_key"
              }
            ],
            [
              {
                "type": "get_attr",
                "value": "default_secondary_connection_string"
              }
            ],
            [
              {
                "type": "get_attr",
                "value": "default_secondary_key"
              }
            ]
          ],
          "identity_schema_version": 0,
          "private": "eyJlMmJmYjczMC1lY2FhLTExZTYtOGY4OC0zNDM2M2JjN2M0YzAiOnsiY3JlYXRlIjoxODAwMDAwMDAwMDAwLCJkZWxldGUiOjE4MDAwMDAwMDAwMDAsInJlYWQiOjMwMDAwMDAwMDAwMCwidXBkYXRlIjoxODAwMDAwMDAwMDAwfSwic2NoZW1hX3ZlcnNpb24iOiIxIn0=",
          "dependencies": [
            "azurerm_resource_group.rg_lumina"
          ]
        }
      ]
    },
    {
      "mode": "managed",
      "type": "azurerm_servicebus_subscription",
      "name": "sbs_process_order",
      "provider": "provider[\"registry.terraform.io/hashicorp/azurerm\"]",
      "instances": [
        {
          "schema_version": 1,
          "attributes": {
            "auto_delete_on_idle": "P10675199DT2H48M5.4775807S",
            "batched_operations_enabled": false,
            "client_scoped_subscription": [],
            "client_scoped_subscription_enabled": false,
            "dead_lettering_on_filter_evaluation_error": true,
            "dead_lettering_on_message_expiration": false,
            "default_message_ttl": "P10675199DT2H48M5.4775807S",
            "enable_batched_operations": false,
            "forward_dead_lettered_messages_to": "",
            "forward_to": "",
            "id": "/subscriptions/5006c90a-3b67-4d5c-b1d6-123b3e8c8253/resourceGroups/rg-lumina-poc-dev/providers/Microsoft.ServiceBus/namespaces/sbluminapocdevjobordeau/topics/sbt-lumina-orders/subscriptions/sbs-process-order",
            "lock_duration": "PT1M",
            "max_delivery_count": 3,
            "name": "sbs-process-order",
            "requires_session": false,
            "status": "Active",
            "timeouts": null,
            "topic_id": "/subscriptions/5006c90a-3b67-4d5c-b1d6-123b3e8c8253/resourceGroups/rg-lumina-poc-dev/providers/Microsoft.ServiceBus/namespaces/sbluminapocdevjobordeau/topics/sbt-lumina-orders"
          },
          "sensitive_attributes": [],
          "identity_schema_version": 0,
          "private": "eyJlMmJmYjczMC1lY2FhLTExZTYtOGY4OC0zNDM2M2JjN2M0YzAiOnsiY3JlYXRlIjoxODAwMDAwMDAwMDAwLCJkZWxldGUiOjE4MDAwMDAwMDAwMDAsInJlYWQiOjMwMDAwMDAwMDAwMCwidXBkYXRlIjoxODAwMDAwMDAwMDAwfSwic2NoZW1hX3ZlcnNpb24iOiIxIn0=",
          "dependencies": [
            "azurerm_resource_group.rg_lumina",
            "azurerm_servicebus_namespace.sb_lumina",
            "azurerm_servicebus_topic.sbt_orders"
          ]
        }
      ]
    },
    {
      "mode": "managed",
      "type": "azurerm_servicebus_topic",
      "name": "sbt_orders",
      "provider": "provider[\"registry.terraform.io/hashicorp/azurerm\"]",
      "instances": [
        {
          "schema_version": 0,
          "attributes": {
            "auto_delete_on_idle": "P10675199DT2H48M5.4775807S",
            "batched_operations_enabled": false,
            "default_message_ttl": "P10675199DT2H48M5.4775807S",
            "duplicate_detection_history_time_window": "PT10M",
            "enable_batched_operations": false,
            "enable_express": false,
            "enable_partitioning": false,
            "express_enabled": false,
            "id": "/subscriptions/5006c90a-3b67-4d5c-b1d6-123b3e8c8253/resourceGroups/rg-lumina-poc-dev/providers/Microsoft.ServiceBus/namespaces/sbluminapocdevjobordeau/topics/sbt-lumina-orders",
            "max_message_size_in_kilobytes": 256,
            "max_size_in_megabytes": 5120,
            "name": "sbt-lumina-orders",
            "namespace_id": "/subscriptions/5006c90a-3b67-4d5c-b1d6-123b3e8c8253/resourceGroups/rg-lumina-poc-dev/providers/Microsoft.ServiceBus/namespaces/sbluminapocdevjobordeau",
            "partitioning_enabled": false,
            "requires_duplicate_detection": false,
            "status": "Active",
            "support_ordering": false,
            "timeouts": null
          },
          "sensitive_attributes": [],
          "identity_schema_version": 0,
          "private": "eyJlMmJmYjczMC1lY2FhLTExZTYtOGY4OC0zNDM2M2JjN2M0YzAiOnsiY3JlYXRlIjoxODAwMDAwMDAwMDAwLCJkZWxldGUiOjE4MDAwMDAwMDAwMDAsInJlYWQiOjMwMDAwMDAwMDAwMCwidXBkYXRlIjoxODAwMDAwMDAwMDAwfX0=",
          "dependencies": [
            "azurerm_resource_group.rg_lumina",
            "azurerm_servicebus_namespace.sb_lumina"
          ]
        }
      ]
    },
    {
      "mode": "managed",
      "type": "azurerm_storage_account",
      "name": "adls_lumina",
      "provider": "provider[\"registry.terraform.io/hashicorp/azurerm\"]",
      "instances": [
        {
          "schema_version": 4,
          "attributes": {
            "access_tier": "Hot",
            "account_kind": "StorageV2",
            "account_replication_type": "LRS",
            "account_tier": "Standard",
            "allow_nested_items_to_be_public": true,
            "allowed_copy_scope": "",
            "azure_files_authentication": [],
            "blob_properties": [
              {
                "change_feed_enabled": false,
                "change_feed_retention_in_days": 0,
                "container_delete_retention_policy": [],
                "cors_rule": [],
                "default_service_version": "",
                "delete_retention_policy": [],
                "last_access_time_enabled": false,
                "restore_policy": [],
                "versioning_enabled": false
              }
            ],
            "cross_tenant_replication_enabled": true,
            "custom_domain": [],
            "customer_managed_key": [],
            "default_to_oauth_authentication": false,
            "dns_endpoint_type": "Standard",
            "edge_zone": "",
            "enable_https_traffic_only": true,
            "https_traffic_only_enabled": true,
            "id": "/subscriptions/5006c90a-3b67-4d5c-b1d6-123b3e8c8253/resourceGroups/rg-lumina-poc-dev/providers/Microsoft.Storage/storageAccounts/adlsluminadevjobordeau",
            "identity": [],
            "immutability_policy": [],
            "infrastructure_encryption_enabled": false,
            "is_hns_enabled": true,
            "large_file_share_enabled": false,
            "local_user_enabled": true,
            "location": "francecentral",
            "min_tls_version": "TLS1_2",
            "name": "adlsluminadevjobordeau",
            "network_rules": [],
            "nfsv3_enabled": false,
            "primary_access_key": "qy+Mv6RwqZJl+PfPLuQrJ69Di3ujedJvYHBaK30SrORdV002dCmlIFfDl6QIEtUWN+f+HLU4to+/+AStXEwggQ==",
            "primary_blob_connection_string": "DefaultEndpointsProtocol=https;BlobEndpoint=https://adlsluminadevjobordeau.blob.core.windows.net/;AccountName=adlsluminadevjobordeau;AccountKey=qy+Mv6RwqZJl+PfPLuQrJ69Di3ujedJvYHBaK30SrORdV002dCmlIFfDl6QIEtUWN+f+HLU4to+/+AStXEwggQ==",
            "primary_blob_endpoint": "https://adlsluminadevjobordeau.blob.core.windows.net/",
            "primary_blob_host": "adlsluminadevjobordeau.blob.core.windows.net",
            "primary_blob_internet_endpoint": "",
            "primary_blob_internet_host": "",
            "primary_blob_microsoft_endpoint": "",
            "primary_blob_microsoft_host": "",
            "primary_connection_string": "DefaultEndpointsProtocol=https;AccountName=adlsluminadevjobordeau;AccountKey=qy+Mv6RwqZJl+PfPLuQrJ69Di3ujedJvYHBaK30SrORdV002dCmlIFfDl6QIEtUWN+f+HLU4to+/+AStXEwggQ==;EndpointSuffix=core.windows.net",
            "primary_dfs_endpoint": "https://adlsluminadevjobordeau.dfs.core.windows.net/",
            "primary_dfs_host": "adlsluminadevjobordeau.dfs.core.windows.net",
            "primary_dfs_internet_endpoint": "",
            "primary_dfs_internet_host": "",
            "primary_dfs_microsoft_endpoint": "",
            "primary_dfs_microsoft_host": "",
            "primary_file_endpoint": "https://adlsluminadevjobordeau.file.core.windows.net/",
            "primary_file_host": "adlsluminadevjobordeau.file.core.windows.net",
            "primary_file_internet_endpoint": "",
            "primary_file_internet_host": "",
            "primary_file_microsoft_endpoint": "",
            "primary_file_microsoft_host": "",
            "primary_location": "francecentral",
            "primary_queue_endpoint": "https://adlsluminadevjobordeau.queue.core.windows.net/",
            "primary_queue_host": "adlsluminadevjobordeau.queue.core.windows.net",
            "primary_queue_microsoft_endpoint": "",
            "primary_queue_microsoft_host": "",
            "primary_table_endpoint": "https://adlsluminadevjobordeau.table.core.windows.net/",
            "primary_table_host": "adlsluminadevjobordeau.table.core.windows.net",
            "primary_table_microsoft_endpoint": "",
            "primary_table_microsoft_host": "",
            "primary_web_endpoint": "https://adlsluminadevjobordeau.z28.web.core.windows.net/",
            "primary_web_host": "adlsluminadevjobordeau.z28.web.core.windows.net",
            "primary_web_internet_endpoint": "",
            "primary_web_internet_host": "",
            "primary_web_microsoft_endpoint": "",
            "primary_web_microsoft_host": "",
            "public_network_access_enabled": true,
            "queue_encryption_key_type": "Service",
            "queue_properties": [
              {
                "cors_rule": [],
                "hour_metrics": [
                  {
                    "enabled": false,
                    "include_apis": false,
                    "retention_policy_days": 0,
                    "version": "1.0"
                  }
                ],
                "logging": [
                  {
                    "delete": false,
                    "read": false,
                    "retention_policy_days": 0,
                    "version": "1.0",
                    "write": false
                  }
                ],
                "minute_metrics": [
                  {
                    "enabled": false,
                    "include_apis": false,
                    "retention_policy_days": 0,
                    "version": "1.0"
                  }
                ]
              }
            ],
            "resource_group_name": "rg-lumina-poc-dev",
            "routing": [],
            "sas_policy": [],
            "secondary_access_key": "PH9DJPRCUsUtckSNO+xAaTCV0/kAfX153WKwrws3X/G+jy4ogGcuz2ZPacc1ZVNts/HZIcpjx64L+ASt99+1jw==",
            "secondary_blob_connection_string": "",
            "secondary_blob_endpoint": "",
            "secondary_blob_host": "",
            "secondary_blob_internet_endpoint": "",
            "secondary_blob_internet_host": "",
            "secondary_blob_microsoft_endpoint": "",
            "secondary_blob_microsoft_host": "",
            "secondary_connection_string": "DefaultEndpointsProtocol=https;AccountName=adlsluminadevjobordeau;AccountKey=PH9DJPRCUsUtckSNO+xAaTCV0/kAfX153WKwrws3X/G+jy4ogGcuz2ZPacc1ZVNts/HZIcpjx64L+ASt99+1jw==;EndpointSuffix=core.windows.net",
            "secondary_dfs_endpoint": "",
            "secondary_dfs_host": "",
            "secondary_dfs_internet_endpoint": "",
            "secondary_dfs_internet_host": "",
            "secondary_dfs_microsoft_endpoint": "",
            "secondary_dfs_microsoft_host": "",
            "secondary_file_endpoint": "",
            "secondary_file_host": "",
            "secondary_file_internet_endpoint": "",
            "secondary_file_internet_host": "",
            "secondary_file_microsoft_endpoint": "",
            "secondary_file_microsoft_host": "",
            "secondary_location": "",
            "secondary_queue_endpoint": "",
            "secondary_queue_host": "",
            "secondary_queue_microsoft_endpoint": "",
            "secondary_queue_microsoft_host": "",
            "secondary_table_endpoint": "",
            "secondary_table_host": "",
            "secondary_table_microsoft_endpoint": "",
            "secondary_table_microsoft_host": "",
            "secondary_web_endpoint": "",
            "secondary_web_host": "",
            "secondary_web_internet_endpoint": "",
            "secondary_web_internet_host": "",
            "secondary_web_microsoft_endpoint": "",
            "secondary_web_microsoft_host": "",
            "sftp_enabled": false,
            "share_properties": [
              {
                "cors_rule": [],
                "retention_policy": [
                  {
                    "days": 7
                  }
                ],
                "smb": []
              }
            ],
            "shared_access_key_enabled": true,
            "static_website": [],
            "table_encryption_key_type": "Service",
            "tags": {},
            "timeouts": null
          },
          "sensitive_attributes": [
            [
              {
                "type": "get_attr",
                "value": "primary_access_key"
              }
            ],
            [
              {
                "type": "get_attr",
                "value": "primary_blob_connection_string"
              }
            ],
            [
              {
                "type": "get_attr",
                "value": "primary_connection_string"
              }
            ],
            [
              {
                "type": "get_attr",
                "value": "secondary_access_key"
              }
            ],
            [
              {
                "type": "get_attr",
                "value": "secondary_blob_connection_string"
              }
            ],
            [
              {
                "type": "get_attr",
                "value": "secondary_connection_string"
              }
            ]
          ],
          "identity_schema_version": 0,
          "private": "eyJlMmJmYjczMC1lY2FhLTExZTYtOGY4OC0zNDM2M2JjN2M0YzAiOnsiY3JlYXRlIjozNjAwMDAwMDAwMDAwLCJkZWxldGUiOjM2MDAwMDAwMDAwMDAsInJlYWQiOjMwMDAwMDAwMDAwMCwidXBkYXRlIjozNjAwMDAwMDAwMDAwfSwic2NoZW1hX3ZlcnNpb24iOiI0In0=",
          "dependencies": [
            "azurerm_resource_group.rg_lumina"
          ]
        }
      ]
    },
    {
      "mode": "managed",
      "type": "azurerm_storage_account",
      "name": "st_fn_lumina",
      "provider": "provider[\"registry.terraform.io/hashicorp/azurerm\"]",
      "instances": [
        {
          "schema_version": 4,
          "attributes": {
            "access_tier": "Hot",
            "account_kind": "StorageV2",
            "account_replication_type": "LRS",
            "account_tier": "Standard",
            "allow_nested_items_to_be_public": true,
            "allowed_copy_scope": "",
            "azure_files_authentication": [],
            "blob_properties": [
              {
                "change_feed_enabled": false,
                "change_feed_retention_in_days": 0,
                "container_delete_retention_policy": [],
                "cors_rule": [],
                "default_service_version": "",
                "delete_retention_policy": [],
                "last_access_time_enabled": false,
                "restore_policy": [],
                "versioning_enabled": false
              }
            ],
            "cross_tenant_replication_enabled": true,
            "custom_domain": [],
            "customer_managed_key": [],
            "default_to_oauth_authentication": false,
            "dns_endpoint_type": "Standard",
            "edge_zone": "",
            "enable_https_traffic_only": true,
            "https_traffic_only_enabled": true,
            "id": "/subscriptions/5006c90a-3b67-4d5c-b1d6-123b3e8c8253/resourceGroups/rg-lumina-poc-dev/providers/Microsoft.Storage/storageAccounts/stfnluminadevjobordeau",
            "identity": [],
            "immutability_policy": [],
            "infrastructure_encryption_enabled": false,
            "is_hns_enabled": false,
            "large_file_share_enabled": false,
            "local_user_enabled": true,
            "location": "francecentral",
            "min_tls_version": "TLS1_2",
            "name": "stfnluminadevjobordeau",
            "network_rules": [],
            "nfsv3_enabled": false,
            "primary_access_key": "WTWDf8tJva8WGk0cyVIq+wir4gbLE/yfK6+Len4/9xOzDp4VC3TDWev1fP/02jZ10RQ4C6N2XRUu+AStrpgCOg==",
            "primary_blob_connection_string": "DefaultEndpointsProtocol=https;BlobEndpoint=https://stfnluminadevjobordeau.blob.core.windows.net/;AccountName=stfnluminadevjobordeau;AccountKey=WTWDf8tJva8WGk0cyVIq+wir4gbLE/yfK6+Len4/9xOzDp4VC3TDWev1fP/02jZ10RQ4C6N2XRUu+AStrpgCOg==",
            "primary_blob_endpoint": "https://stfnluminadevjobordeau.blob.core.windows.net/",
            "primary_blob_host": "stfnluminadevjobordeau.blob.core.windows.net",
            "primary_blob_internet_endpoint": "",
            "primary_blob_internet_host": "",
            "primary_blob_microsoft_endpoint": "",
            "primary_blob_microsoft_host": "",
            "primary_connection_string": "DefaultEndpointsProtocol=https;AccountName=stfnluminadevjobordeau;AccountKey=WTWDf8tJva8WGk0cyVIq+wir4gbLE/yfK6+Len4/9xOzDp4VC3TDWev1fP/02jZ10RQ4C6N2XRUu+AStrpgCOg==;EndpointSuffix=core.windows.net",
            "primary_dfs_endpoint": "https://stfnluminadevjobordeau.dfs.core.windows.net/",
            "primary_dfs_host": "stfnluminadevjobordeau.dfs.core.windows.net",
            "primary_dfs_internet_endpoint": "",
            "primary_dfs_internet_host": "",
            "primary_dfs_microsoft_endpoint": "",
            "primary_dfs_microsoft_host": "",
            "primary_file_endpoint": "https://stfnluminadevjobordeau.file.core.windows.net/",
            "primary_file_host": "stfnluminadevjobordeau.file.core.windows.net",
            "primary_file_internet_endpoint": "",
            "primary_file_internet_host": "",
            "primary_file_microsoft_endpoint": "",
            "primary_file_microsoft_host": "",
            "primary_location": "francecentral",
            "primary_queue_endpoint": "https://stfnluminadevjobordeau.queue.core.windows.net/",
            "primary_queue_host": "stfnluminadevjobordeau.queue.core.windows.net",
            "primary_queue_microsoft_endpoint": "",
            "primary_queue_microsoft_host": "",
            "primary_table_endpoint": "https://stfnluminadevjobordeau.table.core.windows.net/",
            "primary_table_host": "stfnluminadevjobordeau.table.core.windows.net",
            "primary_table_microsoft_endpoint": "",
            "primary_table_microsoft_host": "",
            "primary_web_endpoint": "https://stfnluminadevjobordeau.z28.web.core.windows.net/",
            "primary_web_host": "stfnluminadevjobordeau.z28.web.core.windows.net",
            "primary_web_internet_endpoint": "",
            "primary_web_internet_host": "",
            "primary_web_microsoft_endpoint": "",
            "primary_web_microsoft_host": "",
            "public_network_access_enabled": true,
            "queue_encryption_key_type": "Service",
            "queue_properties": [
              {
                "cors_rule": [],
                "hour_metrics": [
                  {
                    "enabled": false,
                    "include_apis": false,
                    "retention_policy_days": 0,
                    "version": "1.0"
                  }
                ],
                "logging": [
                  {
                    "delete": false,
                    "read": false,
                    "retention_policy_days": 0,
                    "version": "1.0",
                    "write": false
                  }
                ],
                "minute_metrics": [
                  {
                    "enabled": false,
                    "include_apis": false,
                    "retention_policy_days": 0,
                    "version": "1.0"
                  }
                ]
              }
            ],
            "resource_group_name": "rg-lumina-poc-dev",
            "routing": [],
            "sas_policy": [],
            "secondary_access_key": "3W6yn5FuHQOoV27IGp1f0TMrNDXVuOJJx/s9PNxrA/igsbYag/aDYQv26+3OoKYm9sgpIPR6fzzp+ASt2z3EZA==",
            "secondary_blob_connection_string": "",
            "secondary_blob_endpoint": "",
            "secondary_blob_host": "",
            "secondary_blob_internet_endpoint": "",
            "secondary_blob_internet_host": "",
            "secondary_blob_microsoft_endpoint": "",
            "secondary_blob_microsoft_host": "",
            "secondary_connection_string": "DefaultEndpointsProtocol=https;AccountName=stfnluminadevjobordeau;AccountKey=3W6yn5FuHQOoV27IGp1f0TMrNDXVuOJJx/s9PNxrA/igsbYag/aDYQv26+3OoKYm9sgpIPR6fzzp+ASt2z3EZA==;EndpointSuffix=core.windows.net",
            "secondary_dfs_endpoint": "",
            "secondary_dfs_host": "",
            "secondary_dfs_internet_endpoint": "",
            "secondary_dfs_internet_host": "",
            "secondary_dfs_microsoft_endpoint": "",
            "secondary_dfs_microsoft_host": "",
            "secondary_file_endpoint": "",
            "secondary_file_host": "",
            "secondary_file_internet_endpoint": "",
            "secondary_file_internet_host": "",
            "secondary_file_microsoft_endpoint": "",
            "secondary_file_microsoft_host": "",
            "secondary_location": "",
            "secondary_queue_endpoint": "",
            "secondary_queue_host": "",
            "secondary_queue_microsoft_endpoint": "",
            "secondary_queue_microsoft_host": "",
            "secondary_table_endpoint": "",
            "secondary_table_host": "",
            "secondary_table_microsoft_endpoint": "",
            "secondary_table_microsoft_host": "",
            "secondary_web_endpoint": "",
            "secondary_web_host": "",
            "secondary_web_internet_endpoint": "",
            "secondary_web_internet_host": "",
            "secondary_web_microsoft_endpoint": "",
            "secondary_web_microsoft_host": "",
            "sftp_enabled": false,
            "share_properties": [
              {
                "cors_rule": [],
                "retention_policy": [
                  {
                    "days": 7
                  }
                ],
                "smb": []
              }
            ],
            "shared_access_key_enabled": true,
            "static_website": [],
            "table_encryption_key_type": "Service",
            "tags": {},
            "timeouts": null
          },
          "sensitive_attributes": [
            [
              {
                "type": "get_attr",
                "value": "primary_access_key"
              }
            ],
            [
              {
                "type": "get_attr",
                "value": "primary_blob_connection_string"
              }
            ],
            [
              {
                "type": "get_attr",
                "value": "primary_connection_string"
              }
            ],
            [
              {
                "type": "get_attr",
                "value": "secondary_access_key"
              }
            ],
            [
              {
                "type": "get_attr",
                "value": "secondary_blob_connection_string"
              }
            ],
            [
              {
                "type": "get_attr",
                "value": "secondary_connection_string"
              }
            ]
          ],
          "identity_schema_version": 0,
          "private": "eyJlMmJmYjczMC1lY2FhLTExZTYtOGY4OC0zNDM2M2JjN2M0YzAiOnsiY3JlYXRlIjozNjAwMDAwMDAwMDAwLCJkZWxldGUiOjM2MDAwMDAwMDAwMDAsInJlYWQiOjMwMDAwMDAwMDAwMCwidXBkYXRlIjozNjAwMDAwMDAwMDAwfSwic2NoZW1hX3ZlcnNpb24iOiI0In0=",
          "dependencies": [
            "azurerm_resource_group.rg_lumina"
          ]
        }
      ]
    },
    {
      "mode": "managed",
      "type": "azurerm_storage_account",
      "name": "st_lumina",
      "provider": "provider[\"registry.terraform.io/hashicorp/azurerm\"]",
      "instances": [
        {
          "schema_version": 4,
          "attributes": {
            "access_tier": "Hot",
            "account_kind": "StorageV2",
            "account_replication_type": "LRS",
            "account_tier": "Standard",
            "allow_nested_items_to_be_public": true,
            "allowed_copy_scope": "",
            "azure_files_authentication": [],
            "blob_properties": [
              {
                "change_feed_enabled": false,
                "change_feed_retention_in_days": 0,
                "container_delete_retention_policy": [],
                "cors_rule": [],
                "default_service_version": "",
                "delete_retention_policy": [],
                "last_access_time_enabled": false,
                "restore_policy": [],
                "versioning_enabled": false
              }
            ],
            "cross_tenant_replication_enabled": true,
            "custom_domain": [],
            "customer_managed_key": [],
            "default_to_oauth_authentication": false,
            "dns_endpoint_type": "Standard",
            "edge_zone": "",
            "enable_https_traffic_only": true,
            "https_traffic_only_enabled": true,
            "id": "/subscriptions/5006c90a-3b67-4d5c-b1d6-123b3e8c8253/resourceGroups/rg-lumina-poc-dev/providers/Microsoft.Storage/storageAccounts/stluminapocdevjobordeau",
            "identity": [],
            "immutability_policy": [],
            "infrastructure_encryption_enabled": false,
            "is_hns_enabled": false,
            "large_file_share_enabled": false,
            "local_user_enabled": true,
            "location": "francecentral",
            "min_tls_version": "TLS1_2",
            "name": "stluminapocdevjobordeau",
            "network_rules": [],
            "nfsv3_enabled": false,
            "primary_access_key": "B+D9DvhMOUM5K2uld7KiCjxA0kqQH++Xz15N2vmDoV2QxXJrYzDShdBieOu/QIN3uT/tZLidA9Ax+AStqsijLQ==",
            "primary_blob_connection_string": "DefaultEndpointsProtocol=https;BlobEndpoint=https://stluminapocdevjobordeau.blob.core.windows.net/;AccountName=stluminapocdevjobordeau;AccountKey=B+D9DvhMOUM5K2uld7KiCjxA0kqQH++Xz15N2vmDoV2QxXJrYzDShdBieOu/QIN3uT/tZLidA9Ax+AStqsijLQ==",
            "primary_blob_endpoint": "https://stluminapocdevjobordeau.blob.core.windows.net/",
            "primary_blob_host": "stluminapocdevjobordeau.blob.core.windows.net",
            "primary_blob_internet_endpoint": "",
            "primary_blob_internet_host": "",
            "primary_blob_microsoft_endpoint": "",
            "primary_blob_microsoft_host": "",
            "primary_connection_string": "DefaultEndpointsProtocol=https;AccountName=stluminapocdevjobordeau;AccountKey=B+D9DvhMOUM5K2uld7KiCjxA0kqQH++Xz15N2vmDoV2QxXJrYzDShdBieOu/QIN3uT/tZLidA9Ax+AStqsijLQ==;EndpointSuffix=core.windows.net",
            "primary_dfs_endpoint": "https://stluminapocdevjobordeau.dfs.core.windows.net/",
            "primary_dfs_host": "stluminapocdevjobordeau.dfs.core.windows.net",
            "primary_dfs_internet_endpoint": "",
            "primary_dfs_internet_host": "",
            "primary_dfs_microsoft_endpoint": "",
            "primary_dfs_microsoft_host": "",
            "primary_file_endpoint": "https://stluminapocdevjobordeau.file.core.windows.net/",
            "primary_file_host": "stluminapocdevjobordeau.file.core.windows.net",
            "primary_file_internet_endpoint": "",
            "primary_file_internet_host": "",
            "primary_file_microsoft_endpoint": "",
            "primary_file_microsoft_host": "",
            "primary_location": "francecentral",
            "primary_queue_endpoint": "https://stluminapocdevjobordeau.queue.core.windows.net/",
            "primary_queue_host": "stluminapocdevjobordeau.queue.core.windows.net",
            "primary_queue_microsoft_endpoint": "",
            "primary_queue_microsoft_host": "",
            "primary_table_endpoint": "https://stluminapocdevjobordeau.table.core.windows.net/",
            "primary_table_host": "stluminapocdevjobordeau.table.core.windows.net",
            "primary_table_microsoft_endpoint": "",
            "primary_table_microsoft_host": "",
            "primary_web_endpoint": "https://stluminapocdevjobordeau.z28.web.core.windows.net/",
            "primary_web_host": "stluminapocdevjobordeau.z28.web.core.windows.net",
            "primary_web_internet_endpoint": "",
            "primary_web_internet_host": "",
            "primary_web_microsoft_endpoint": "",
            "primary_web_microsoft_host": "",
            "public_network_access_enabled": true,
            "queue_encryption_key_type": "Service",
            "queue_properties": [
              {
                "cors_rule": [],
                "hour_metrics": [
                  {
                    "enabled": false,
                    "include_apis": false,
                    "retention_policy_days": 0,
                    "version": "1.0"
                  }
                ],
                "logging": [
                  {
                    "delete": false,
                    "read": false,
                    "retention_policy_days": 0,
                    "version": "1.0",
                    "write": false
                  }
                ],
                "minute_metrics": [
                  {
                    "enabled": false,
                    "include_apis": false,
                    "retention_policy_days": 0,
                    "version": "1.0"
                  }
                ]
              }
            ],
            "resource_group_name": "rg-lumina-poc-dev",
            "routing": [],
            "sas_policy": [],
            "secondary_access_key": "+j+z/UBruMdbB4dVo302Vofd387UmVxQyde5uDm9Tist9zZuU0wbOJm2SOJoga0t1oABrOtj7zBe+AStnuJf/A==",
            "secondary_blob_connection_string": "",
            "secondary_blob_endpoint": "",
            "secondary_blob_host": "",
            "secondary_blob_internet_endpoint": "",
            "secondary_blob_internet_host": "",
            "secondary_blob_microsoft_endpoint": "",
            "secondary_blob_microsoft_host": "",
            "secondary_connection_string": "DefaultEndpointsProtocol=https;AccountName=stluminapocdevjobordeau;AccountKey=+j+z/UBruMdbB4dVo302Vofd387UmVxQyde5uDm9Tist9zZuU0wbOJm2SOJoga0t1oABrOtj7zBe+AStnuJf/A==;EndpointSuffix=core.windows.net",
            "secondary_dfs_endpoint": "",
            "secondary_dfs_host": "",
            "secondary_dfs_internet_endpoint": "",
            "secondary_dfs_internet_host": "",
            "secondary_dfs_microsoft_endpoint": "",
            "secondary_dfs_microsoft_host": "",
            "secondary_file_endpoint": "",
            "secondary_file_host": "",
            "secondary_file_internet_endpoint": "",
            "secondary_file_internet_host": "",
            "secondary_file_microsoft_endpoint": "",
            "secondary_file_microsoft_host": "",
            "secondary_location": "",
            "secondary_queue_endpoint": "",
            "secondary_queue_host": "",
            "secondary_queue_microsoft_endpoint": "",
            "secondary_queue_microsoft_host": "",
            "secondary_table_endpoint": "",
            "secondary_table_host": "",
            "secondary_table_microsoft_endpoint": "",
            "secondary_table_microsoft_host": "",
            "secondary_web_endpoint": "",
            "secondary_web_host": "",
            "secondary_web_internet_endpoint": "",
            "secondary_web_internet_host": "",
            "secondary_web_microsoft_endpoint": "",
            "secondary_web_microsoft_host": "",
            "sftp_enabled": false,
            "share_properties": [
              {
                "cors_rule": [],
                "retention_policy": [
                  {
                    "days": 7
                  }
                ],
                "smb": []
              }
            ],
            "shared_access_key_enabled": true,
            "static_website": [],
            "table_encryption_key_type": "Service",
            "tags": {
              "Environnement": "Dev",
              "Projet": "Lumina-Concept",
              "Proprietaire": "Jovann"
            },
            "timeouts": null
          },
          "sensitive_attributes": [
            [
              {
                "type": "get_attr",
                "value": "primary_access_key"
              }
            ],
            [
              {
                "type": "get_attr",
                "value": "primary_blob_connection_string"
              }
            ],
            [
              {
                "type": "get_attr",
                "value": "primary_connection_string"
              }
            ],
            [
              {
                "type": "get_attr",
                "value": "secondary_access_key"
              }
            ],
            [
              {
                "type": "get_attr",
                "value": "secondary_blob_connection_string"
              }
            ],
            [
              {
                "type": "get_attr",
                "value": "secondary_connection_string"
              }
            ]
          ],
          "identity_schema_version": 0,
          "private": "eyJlMmJmYjczMC1lY2FhLTExZTYtOGY4OC0zNDM2M2JjN2M0YzAiOnsiY3JlYXRlIjozNjAwMDAwMDAwMDAwLCJkZWxldGUiOjM2MDAwMDAwMDAwMDAsInJlYWQiOjMwMDAwMDAwMDAwMCwidXBkYXRlIjozNjAwMDAwMDAwMDAwfSwic2NoZW1hX3ZlcnNpb24iOiI0In0=",
          "dependencies": [
            "azurerm_resource_group.rg_lumina"
          ]
        }
      ]
    },
    {
      "mode": "managed",
      "type": "azurerm_storage_container",
      "name": "blob_lumina",
      "provider": "provider[\"registry.terraform.io/hashicorp/azurerm\"]",
      "instances": [
        {
          "schema_version": 1,
          "attributes": {
            "container_access_type": "private",
            "default_encryption_scope": "$account-encryption-key",
            "encryption_scope_override_enabled": true,
            "has_immutability_policy": false,
            "has_legal_hold": false,
            "id": "https://stluminapocdevjobordeau.blob.core.windows.net/entrepota102",
            "metadata": {},
            "name": "entrepota102",
            "resource_manager_id": "/subscriptions/5006c90a-3b67-4d5c-b1d6-123b3e8c8253/resourceGroups/rg-lumina-poc-dev/providers/Microsoft.Storage/storageAccounts/stluminapocdevjobordeau/blobServices/default/containers/entrepota102",
            "storage_account_name": "stluminapocdevjobordeau",
            "timeouts": null
          },
          "sensitive_attributes": [],
          "identity_schema_version": 0,
          "private": "eyJlMmJmYjczMC1lY2FhLTExZTYtOGY4OC0zNDM2M2JjN2M0YzAiOnsiY3JlYXRlIjoxODAwMDAwMDAwMDAwLCJkZWxldGUiOjE4MDAwMDAwMDAwMDAsInJlYWQiOjMwMDAwMDAwMDAwMCwidXBkYXRlIjoxODAwMDAwMDAwMDAwfSwic2NoZW1hX3ZlcnNpb24iOiIxIn0=",
          "dependencies": [
            "azurerm_resource_group.rg_lumina",
            "azurerm_storage_account.st_lumina"
          ]
        }
      ]
    },
    {
      "mode": "managed",
      "type": "azurerm_storage_data_lake_gen2_filesystem",
      "name": "fs_failed_orders",
      "provider": "provider[\"registry.terraform.io/hashicorp/azurerm\"]",
      "instances": [
        {
          "schema_version": 0,
          "attributes": {
            "ace": [
              {
                "id": "",
                "permissions": "---",
                "scope": "access",
                "type": "other"
              },
              {
                "id": "",
                "permissions": "r-x",
                "scope": "access",
                "type": "group"
              },
              {
                "id": "",
                "permissions": "rwx",
                "scope": "access",
                "type": "user"
              }
            ],
            "default_encryption_scope": "$account-encryption-key",
            "group": "$superuser",
            "id": "https://adlsluminadevjobordeau.dfs.core.windows.net/failed-orders",
            "name": "failed-orders",
            "owner": "$superuser",
            "properties": null,
            "storage_account_id": "/subscriptions/5006c90a-3b67-4d5c-b1d6-123b3e8c8253/resourceGroups/rg-lumina-poc-dev/providers/Microsoft.Storage/storageAccounts/adlsluminadevjobordeau",
            "timeouts": null
          },
          "sensitive_attributes": [],
          "identity_schema_version": 0,
          "private": "eyJlMmJmYjczMC1lY2FhLTExZTYtOGY4OC0zNDM2M2JjN2M0YzAiOnsiY3JlYXRlIjoxODAwMDAwMDAwMDAwLCJkZWxldGUiOjE4MDAwMDAwMDAwMDAsInJlYWQiOjMwMDAwMDAwMDAwMCwidXBkYXRlIjoxODAwMDAwMDAwMDAwfX0=",
          "dependencies": [
            "azurerm_resource_group.rg_lumina",
            "azurerm_storage_account.adls_lumina"
          ]
        }
      ]
    },
    {
      "mode": "managed",
      "type": "azurerm_storage_data_lake_gen2_filesystem",
      "name": "fs_orders",
      "provider": "provider[\"registry.terraform.io/hashicorp/azurerm\"]",
      "instances": [
        {
          "schema_version": 0,
          "attributes": {
            "ace": [
              {
                "id": "",
                "permissions": "---",
                "scope": "access",
                "type": "other"
              },
              {
                "id": "",
                "permissions": "r-x",
                "scope": "access",
                "type": "group"
              },
              {
                "id": "",
                "permissions": "rwx",
                "scope": "access",
                "type": "user"
              }
            ],
            "default_encryption_scope": "$account-encryption-key",
            "group": "$superuser",
            "id": "https://adlsluminadevjobordeau.dfs.core.windows.net/gold-orders",
            "name": "gold-orders",
            "owner": "$superuser",
            "properties": {},
            "storage_account_id": "/subscriptions/5006c90a-3b67-4d5c-b1d6-123b3e8c8253/resourceGroups/rg-lumina-poc-dev/providers/Microsoft.Storage/storageAccounts/adlsluminadevjobordeau",
            "timeouts": null
          },
          "sensitive_attributes": [],
          "identity_schema_version": 0,
          "private": "eyJlMmJmYjczMC1lY2FhLTExZTYtOGY4OC0zNDM2M2JjN2M0YzAiOnsiY3JlYXRlIjoxODAwMDAwMDAwMDAwLCJkZWxldGUiOjE4MDAwMDAwMDAwMDAsInJlYWQiOjMwMDAwMDAwMDAwMCwidXBkYXRlIjoxODAwMDAwMDAwMDAwfX0=",
          "dependencies": [
            "azurerm_resource_group.rg_lumina",
            "azurerm_storage_account.adls_lumina"
          ]
        }
      ]
    }
  ],
  "check_results": null
}
